
Microsoft Visual Studio Solution File, Format Version 12.00
# Visual Studio 15
VisualStudioVersion = 15.0.28010.2041
MinimumVisualStudioVersion = 10.0.40219.1
Project("{FAE04EC0-301F-11D3-BF4B-00C04F79EFBC}") = "Exercise01", "Exercise01\Exercise01.csproj", "{97F50757-AA42-41F3-87A2-82716601C142}"
EndProject
Project("{FAE04EC0-301F-11D3-BF4B-00C04F79EFBC}") = "Classes", "Classes\Classes.csproj", "{48022F8D-D4CA-4323-8A3D-ADA7A2C5913B}"
EndProject
Global
	GlobalSection(SolutionConfigurationPlatforms) = preSolution
		Debug|Any CPU = Debug|Any CPU
		Release|Any CPU = Release|Any CPU
	EndGlobalSection
	GlobalSection(ProjectConfigurationPlatforms) = postSolution
		{97F50757-AA42-41F3-87A2-82716601C142}.Debug|Any CPU.ActiveCfg = Debug|Any CPU
		{97F50757-AA42-41F3-87A2-82716601C142}.Debug|Any CPU.Build.0 = Debug|Any CPU
		{97F50757-AA42-41F3-87A2-82716601C142}.Release|Any CPU.ActiveCfg = Release|Any CPU
		{97F50757-AA42-41F3-87A2-82716601C142}.Release|Any CPU.Build.0 = Release|Any CPU
		{48022F8D-D4CA-4323-8A3D-ADA7A2C5913B}.Debug|Any CPU.ActiveCfg = Debug|Any CPU
		{48022F8D-D4CA-4323-8A3D-ADA7A2C5913B}.Debug|Any CPU.Build.0 = Debug|Any CPU
		{48022F8D-D4CA-4323-8A3D-ADA7A2C5913B}.Release|Any CPU.ActiveCfg = Release|Any CPU
		{48022F8D-D4CA-4323-8A3D-ADA7A2C5913B}.Release|Any CPU.Build.0 = Release|Any CPU
	EndGlobalSection
	GlobalSection(SolutionProperties) = preSolution
		HideSolutionNode = FALSE
	EndGlobalSection
	GlobalSection(ExtensibilityGlobals) = postSolution
		SolutionGuid = {13583315-134E-4EB3-81A4-EC9ED9980691}
	EndGlobalSection
EndGlobal
