
Microsoft Visual Studio Solution File, Format Version 12.00
# Visual Studio 15
VisualStudioVersion = 15.0.27703.2035
MinimumVisualStudioVersion = 10.0.40219.1
Project("{FAE04EC0-301F-11D3-BF4B-00C04F79EFBC}") = "Task01", "Task01\Task01.csproj", "{876A8849-ECF2-4F8C-A926-AE775719B3A8}"
EndProject
Project("{FAE04EC0-301F-11D3-BF4B-00C04F79EFBC}") = "Task02", "AverageNumber\Task02.csproj", "{432C12C2-8366-42AC-A0E0-70850F69F16E}"
EndProject
Project("{FAE04EC0-301F-11D3-BF4B-00C04F79EFBC}") = "Task03", "Task03\Task03.csproj", "{A7EF701C-3070-47FD-9C78-89632845A8B1}"
EndProject
Global
	GlobalSection(SolutionConfigurationPlatforms) = preSolution
		Debug|Any CPU = Debug|Any CPU
		Release|Any CPU = Release|Any CPU
	EndGlobalSection
	GlobalSection(ProjectConfigurationPlatforms) = postSolution
		{876A8849-ECF2-4F8C-A926-AE775719B3A8}.Debug|Any CPU.ActiveCfg = Debug|Any CPU
		{876A8849-ECF2-4F8C-A926-AE775719B3A8}.Debug|Any CPU.Build.0 = Debug|Any CPU
		{876A8849-ECF2-4F8C-A926-AE775719B3A8}.Release|Any CPU.ActiveCfg = Release|Any CPU
		{876A8849-ECF2-4F8C-A926-AE775719B3A8}.Release|Any CPU.Build.0 = Release|Any CPU
		{432C12C2-8366-42AC-A0E0-70850F69F16E}.Debug|Any CPU.ActiveCfg = Debug|Any CPU
		{432C12C2-8366-42AC-A0E0-70850F69F16E}.Debug|Any CPU.Build.0 = Debug|Any CPU
		{432C12C2-8366-42AC-A0E0-70850F69F16E}.Release|Any CPU.ActiveCfg = Release|Any CPU
		{432C12C2-8366-42AC-A0E0-70850F69F16E}.Release|Any CPU.Build.0 = Release|Any CPU
		{A7EF701C-3070-47FD-9C78-89632845A8B1}.Debug|Any CPU.ActiveCfg = Debug|Any CPU
		{A7EF701C-3070-47FD-9C78-89632845A8B1}.Debug|Any CPU.Build.0 = Debug|Any CPU
		{A7EF701C-3070-47FD-9C78-89632845A8B1}.Release|Any CPU.ActiveCfg = Release|Any CPU
		{A7EF701C-3070-47FD-9C78-89632845A8B1}.Release|Any CPU.Build.0 = Release|Any CPU
	EndGlobalSection
	GlobalSection(SolutionProperties) = preSolution
		HideSolutionNode = FALSE
	EndGlobalSection
	GlobalSection(ExtensibilityGlobals) = postSolution
		SolutionGuid = {E826E27A-0047-46D3-A47B-13F0FB90F7C8}
	EndGlobalSection
EndGlobal
